
Microsoft Visual Studio Solution File, Format Version 12.00
# Visual Studio 2013
VisualStudioVersion = 12.0.30723.0
MinimumVisualStudioVersion = 10.0.40219.1
Project("{FAE04EC0-301F-11D3-BF4B-00C04F79EFBC}") = "fingerprint project", "fingerprint project\fingerprint project.csproj", "{48B498D6-BC2A-4980-B782-55810EDE2DF1}"
EndProject
Global
	GlobalSection(SolutionConfigurationPlatforms) = preSolution
		Debug|Any CPU = Debug|Any CPU
		Release|Any CPU = Release|Any CPU
	EndGlobalSection
	GlobalSection(ProjectConfigurationPlatforms) = postSolution
		{48B498D6-BC2A-4980-B782-55810EDE2DF1}.Debug|Any CPU.ActiveCfg = Debug|Any CPU
		{48B498D6-BC2A-4980-B782-55810EDE2DF1}.Debug|Any CPU.Build.0 = Debug|Any CPU
		{48B498D6-BC2A-4980-B782-55810EDE2DF1}.Release|Any CPU.ActiveCfg = Release|Any CPU
		{48B498D6-BC2A-4980-B782-55810EDE2DF1}.Release|Any CPU.Build.0 = Release|Any CPU
	EndGlobalSection
	GlobalSection(SolutionProperties) = preSolution
		HideSolutionNode = FALSE
	EndGlobalSection
EndGlobal
