
Microsoft Visual Studio Solution File, Format Version 12.00
# Visual Studio 2012
Project("{FAE04EC0-301F-11D3-BF4B-00C04F79EFBC}") = "ConsoleApplication11", "ConsoleApplication11\ConsoleApplication11.csproj", "{D6B4D6F3-3BFC-44AB-A86A-24B7C8072186}"
EndProject
Global
	GlobalSection(SolutionConfigurationPlatforms) = preSolution
		Debug|Any CPU = Debug|Any CPU
		Release|Any CPU = Release|Any CPU
	EndGlobalSection
	GlobalSection(ProjectConfigurationPlatforms) = postSolution
		{D6B4D6F3-3BFC-44AB-A86A-24B7C8072186}.Debug|Any CPU.ActiveCfg = Debug|Any CPU
		{D6B4D6F3-3BFC-44AB-A86A-24B7C8072186}.Debug|Any CPU.Build.0 = Debug|Any CPU
		{D6B4D6F3-3BFC-44AB-A86A-24B7C8072186}.Release|Any CPU.ActiveCfg = Release|Any CPU
		{D6B4D6F3-3BFC-44AB-A86A-24B7C8072186}.Release|Any CPU.Build.0 = Release|Any CPU
	EndGlobalSection
	GlobalSection(SolutionProperties) = preSolution
		HideSolutionNode = FALSE
	EndGlobalSection
EndGlobal
