
Microsoft Visual Studio Solution File, Format Version 12.00
# Visual Studio 2012
Project("{FAE04EC0-301F-11D3-BF4B-00C04F79EFBC}") = "assignment ch7", "assignment ch7.csproj", "{BC69252B-DE89-4B50-9BB5-5D1954DCF01C}"
EndProject
Project("{FAE04EC0-301F-11D3-BF4B-00C04F79EFBC}") = "interface mehtod", "..\interface mehtod\interface mehtod.csproj", "{7B5EE72C-35D3-4B24-AE67-E97F57F12168}"
EndProject
Global
	GlobalSection(SolutionConfigurationPlatforms) = preSolution
		Debug|Any CPU = Debug|Any CPU
		Release|Any CPU = Release|Any CPU
	EndGlobalSection
	GlobalSection(ProjectConfigurationPlatforms) = postSolution
		{BC69252B-DE89-4B50-9BB5-5D1954DCF01C}.Debug|Any CPU.ActiveCfg = Debug|Any CPU
		{BC69252B-DE89-4B50-9BB5-5D1954DCF01C}.Debug|Any CPU.Build.0 = Debug|Any CPU
		{BC69252B-DE89-4B50-9BB5-5D1954DCF01C}.Release|Any CPU.ActiveCfg = Release|Any CPU
		{BC69252B-DE89-4B50-9BB5-5D1954DCF01C}.Release|Any CPU.Build.0 = Release|Any CPU
		{7B5EE72C-35D3-4B24-AE67-E97F57F12168}.Debug|Any CPU.ActiveCfg = Debug|Any CPU
		{7B5EE72C-35D3-4B24-AE67-E97F57F12168}.Debug|Any CPU.Build.0 = Debug|Any CPU
		{7B5EE72C-35D3-4B24-AE67-E97F57F12168}.Release|Any CPU.ActiveCfg = Release|Any CPU
		{7B5EE72C-35D3-4B24-AE67-E97F57F12168}.Release|Any CPU.Build.0 = Release|Any CPU
	EndGlobalSection
	GlobalSection(SolutionProperties) = preSolution
		HideSolutionNode = FALSE
	EndGlobalSection
EndGlobal
