
Microsoft Visual Studio Solution File, Format Version 12.00
# Visual Studio 2012
Project("{FAE04EC0-301F-11D3-BF4B-00C04F79EFBC}") = "Boosk ANY THING CHAPTER CODe", "Boosk ANY THING CHAPTER CODe\Boosk ANY THING CHAPTER CODe.csproj", "{87DBCFD1-7AB2-453C-A5BB-2C97A5F955D5}"
EndProject
Project("{FAE04EC0-301F-11D3-BF4B-00C04F79EFBC}") = "Chapter NO 3", "Chapter NO 3\Chapter NO 3.csproj", "{EC915317-E5D8-4B27-BC94-512BD484BDC9}"
EndProject
Global
	GlobalSection(SolutionConfigurationPlatforms) = preSolution
		Debug|Any CPU = Debug|Any CPU
		Release|Any CPU = Release|Any CPU
	EndGlobalSection
	GlobalSection(ProjectConfigurationPlatforms) = postSolution
		{87DBCFD1-7AB2-453C-A5BB-2C97A5F955D5}.Debug|Any CPU.ActiveCfg = Debug|Any CPU
		{87DBCFD1-7AB2-453C-A5BB-2C97A5F955D5}.Debug|Any CPU.Build.0 = Debug|Any CPU
		{87DBCFD1-7AB2-453C-A5BB-2C97A5F955D5}.Release|Any CPU.ActiveCfg = Release|Any CPU
		{87DBCFD1-7AB2-453C-A5BB-2C97A5F955D5}.Release|Any CPU.Build.0 = Release|Any CPU
		{EC915317-E5D8-4B27-BC94-512BD484BDC9}.Debug|Any CPU.ActiveCfg = Debug|Any CPU
		{EC915317-E5D8-4B27-BC94-512BD484BDC9}.Debug|Any CPU.Build.0 = Debug|Any CPU
		{EC915317-E5D8-4B27-BC94-512BD484BDC9}.Release|Any CPU.ActiveCfg = Release|Any CPU
		{EC915317-E5D8-4B27-BC94-512BD484BDC9}.Release|Any CPU.Build.0 = Release|Any CPU
	EndGlobalSection
	GlobalSection(SolutionProperties) = preSolution
		HideSolutionNode = FALSE
	EndGlobalSection
EndGlobal
