
Microsoft Visual Studio Solution File, Format Version 12.00
# Visual Studio 2012
Project("{FAE04EC0-301F-11D3-BF4B-00C04F79EFBC}") = "user_from_project_most_important", "user_from_project_most_important\user_from_project_most_important.csproj", "{BCAEA468-20F0-4A4F-AD7F-EE23D3F76BCB}"
EndProject
Global
	GlobalSection(SolutionConfigurationPlatforms) = preSolution
		Debug|Any CPU = Debug|Any CPU
		Release|Any CPU = Release|Any CPU
	EndGlobalSection
	GlobalSection(ProjectConfigurationPlatforms) = postSolution
		{BCAEA468-20F0-4A4F-AD7F-EE23D3F76BCB}.Debug|Any CPU.ActiveCfg = Debug|Any CPU
		{BCAEA468-20F0-4A4F-AD7F-EE23D3F76BCB}.Debug|Any CPU.Build.0 = Debug|Any CPU
		{BCAEA468-20F0-4A4F-AD7F-EE23D3F76BCB}.Release|Any CPU.ActiveCfg = Release|Any CPU
		{BCAEA468-20F0-4A4F-AD7F-EE23D3F76BCB}.Release|Any CPU.Build.0 = Release|Any CPU
	EndGlobalSection
	GlobalSection(SolutionProperties) = preSolution
		HideSolutionNode = FALSE
	EndGlobalSection
EndGlobal
