
Microsoft Visual Studio Solution File, Format Version 12.00
# Visual Studio 2012
Project("{FAE04EC0-301F-11D3-BF4B-00C04F79EFBC}") = "get and set", "get and set.csproj", "{6E3318D5-7F9E-4B23-8A61-89482FD7E91B}"
EndProject
Global
	GlobalSection(SolutionConfigurationPlatforms) = preSolution
		Debug|Any CPU = Debug|Any CPU
		Release|Any CPU = Release|Any CPU
	EndGlobalSection
	GlobalSection(ProjectConfigurationPlatforms) = postSolution
		{6E3318D5-7F9E-4B23-8A61-89482FD7E91B}.Debug|Any CPU.ActiveCfg = Debug|Any CPU
		{6E3318D5-7F9E-4B23-8A61-89482FD7E91B}.Debug|Any CPU.Build.0 = Debug|Any CPU
		{6E3318D5-7F9E-4B23-8A61-89482FD7E91B}.Release|Any CPU.ActiveCfg = Release|Any CPU
		{6E3318D5-7F9E-4B23-8A61-89482FD7E91B}.Release|Any CPU.Build.0 = Release|Any CPU
	EndGlobalSection
	GlobalSection(SolutionProperties) = preSolution
		HideSolutionNode = FALSE
	EndGlobalSection
EndGlobal
